{
  "name": "kennzeichen",
  "version": "1.0.0",
  "lockfileVersion": 3,
  "requires": true,
  "packages": {
    "": {
      "name": "kennzeichen",
      "version": "1.0.0",
      "hasInstallScript": true,
      "dependencies": {
        "@dryl/app-data": "file:../dryl/app-data",
        "@dryl/auth-client": "file:../dryl/auth-client",
        "@dryl/storage": "file:../dryl/storage",
        "@dryl/ui": "file:../dryl/ui/dist/dryl/ui"
      }
    },
    "../dryl/app-data": {
      "name": "@dryl/app-data",
      "version": "0.3.1",
      "dependencies": {
        "@dryl/auth-client": "file:../auth-client",
        "@dryl/storage": "file:../storage"
      },
      "devDependencies": {
        "@angular/core": "^19.2.0",
        "@vitest/coverage-v8": "^3.2.4",
        "happy-dom": "^18.0.1",
        "typescript": "~5.7.2",
        "vitest": "^3.2.4"
      },
      "peerDependencies": {
        "@angular/core": ">=19.0.0"
      },
      "peerDependenciesMeta": {
        "@angular/core": {
          "optional": true
        }
      }
    },
    "../dryl/auth-client": {
      "name": "@dryl/auth-client",
      "version": "0.2.0",
      "devDependencies": {
        "@angular/core": "^19.2.0",
        "@vitest/coverage-v8": "^3.2.4",
        "happy-dom": "^18.0.1",
        "typescript": "~5.7.2",
        "vitest": "^3.2.4"
      },
      "peerDependencies": {
        "@angular/core": ">=19.0.0"
      },
      "peerDependenciesMeta": {
        "@angular/core": {
          "optional": true
        }
      }
    },
    "../dryl/storage": {
      "name": "@dryl/storage",
      "version": "0.3.1",
      "devDependencies": {
        "@vitest/coverage-v8": "^3.2.4",
        "happy-dom": "^18.0.1",
        "typescript": "~5.7.2",
        "vitest": "^3.2.4"
      }
    },
    "../dryl/ui/dist/dryl/ui": {
      "name": "@dryl/ui",
      "version": "0.6.2",
      "license": "MIT",
      "dependencies": {
        "tslib": "^2.3.0"
      },
      "peerDependencies": {
        "@angular/common": "^21.1.0",
        "@angular/core": "^21.1.0"
      }
    },
    "node_modules/@dryl/app-data": {
      "resolved": "../dryl/app-data",
      "link": true
    },
    "node_modules/@dryl/auth-client": {
      "resolved": "../dryl/auth-client",
      "link": true
    },
    "node_modules/@dryl/storage": {
      "resolved": "../dryl/storage",
      "link": true
    },
    "node_modules/@dryl/ui": {
      "resolved": "../dryl/ui/dist/dryl/ui",
      "link": true
    }
  }
}
